// !$*UTF8*$!
{
	archiveVersion = 1;
	classes = {
	};
	objectVersion = 46;
	objects = {

/* Begin PBXBuildFile section */
		885B50B71E684BAB00F0D4D3 /* AppDelegate.m in Sources */ = {isa = PBXBuildFile; fileRef = 885B50B61E684BAB00F0D4D3 /* AppDelegate.m */; };
		885B50BA1E684BAB00F0D4D3 /* main.m in Sources */ = {isa = PBXBuildFile; fileRef = 885B50B91E684BAB00F0D4D3 /* main.m */; };
		885B50BD1E684BAB00F0D4D3 /* ViewController.m in Sources */ = {isa = PBXBuildFile; fileRef = 885B50BC1E684BAB00F0D4D3 /* ViewController.m */; };
		885B50BF1E684BAB00F0D4D3 /* Assets.xcassets in Resources */ = {isa = PBXBuildFile; fileRef = 885B50BE1E684BAB00F0D4D3 /* Assets.xcassets */; };
		885B50C21E684BAB00F0D4D3 /* Main.storyboard in Resources */ = {isa = PBXBuildFile; fileRef = 885B50C01E684BAB00F0D4D3 /* Main.storyboard */; };
		885B50CD1E684BAB00F0D4D3 /* MomentSeverTests.m in Sources */ = {isa = PBXBuildFile; fileRef = 885B50CC1E684BAB00F0D4D3 /* MomentSeverTests.m */; };
		885B50D81E684BAB00F0D4D3 /* MomentSeverUITests.m in Sources */ = {isa = PBXBuildFile; fileRef = 885B50D71E684BAB00F0D4D3 /* MomentSeverUITests.m */; };
/* End PBXBuildFile section */

/* Begin PBXContainerItemProxy section */
		885B50C91E684BAB00F0D4D3 /* PBXContainerItemProxy */ = {
			isa = PBXContainerItemProxy;
			containerPortal = 885B50AA1E684BAA00F0D4D3 /* Project object */;
			proxyType = 1;
			remoteGlobalIDString = 885B50B11E684BAA00F0D4D3;
			remoteInfo = MomentSever;
		};
		885B50D41E684BAB00F0D4D3 /* PBXContainerItemProxy */ = {
			isa = PBXContainerItemProxy;
			containerPortal = 885B50AA1E684BAA00F0D4D3 /* Project object */;
			proxyType = 1;
			remoteGlobalIDString = 885B50B11E684BAA00F0D4D3;
			remoteInfo = MomentSever;
		};
/* End PBXContainerItemProxy section */

/* Begin PBXFileReference section */
		885B50B21E684BAB00F0D4D3 /* MomentSever.app */ = {isa = PBXFileReference; explicitFileType = wrapper.application; includeInIndex = 0; path = MomentSever.app; sourceTree = BUILT_PRODUCTS_DIR; };
		885B50B51E684BAB00F0D4D3 /* AppDelegate.h */ = {isa = PBXFileReference; lastKnownFileType = sourcecode.c.h; path = AppDelegate.h; sourceTree = "<group>"; };
		885B50B61E684BAB00F0D4D3 /* AppDelegate.m */ = {isa = PBXFileReference; lastKnownFileType = sourcecode.c.objc; path = AppDelegate.m; sourceTree = "<group>"; };
		885B50B91E684BAB00F0D4D3 /* main.m */ = {isa = PBXFileReference; lastKnownFileType = sourcecode.c.objc; path = main.m; sourceTree = "<group>"; };
		885B50BB1E684BAB00F0D4D3 /* ViewController.h */ = {isa = PBXFileReference; lastKnownFileType = sourcecode.c.h; path = ViewController.h; sourceTree = "<group>"; };
		885B50BC1E684BAB00F0D4D3 /* ViewController.m */ = {isa = PBXFileReference; lastKnownFileType = sourcecode.c.objc; path = ViewController.m; sourceTree = "<group>"; };
		885B50BE1E684BAB00F0D4D3 /* Assets.xcassets */ = {isa = PBXFileReference; lastKnownFileType = folder.assetcatalog; path = Assets.xcassets; sourceTree = "<group>"; };
		885B50C11E684BAB00F0D4D3 /* Base */ = {isa = PBXFileReference; lastKnownFileType = file.storyboard; name = Base; path = Base.lproj/Main.storyboard; sourceTree = "<group>"; };
		885B50C31E684BAB00F0D4D3 /* Info.plist */ = {isa = PBXFileReference; lastKnownFileType = text.plist.xml; path = Info.plist; sourceTree = "<group>"; };
		885B50C81E684BAB00F0D4D3 /* MomentSeverTests.xctest */ = {isa = PBXFileReference; explicitFileType = wrapper.cfbundle; includeInIndex = 0; path = MomentSeverTests.xctest; sourceTree = BUILT_PRODUCTS_DIR; };
		885B50CC1E684BAB00F0D4D3 /* MomentSeverTests.m */ = {isa = PBXFileReference; lastKnownFileType = sourcecode.c.objc; path = MomentSeverTests.m; sourceTree = "<group>"; };
		885B50CE1E684BAB00F0D4D3 /* Info.plist */ = {isa = PBXFileReference; lastKnownFileType = text.plist.xml; path = Info.plist; sourceTree = "<group>"; };
		885B50D31E684BAB00F0D4D3 /* MomentSeverUITests.xctest */ = {isa = PBXFileReference; explicitFileType = wrapper.cfbundle; includeInIndex = 0; path = MomentSeverUITests.xctest; sourceTree = BUILT_PRODUCTS_DIR; };
		885B50D71E684BAB00F0D4D3 /* MomentSeverUITests.m */ = {isa = PBXFileReference; lastKnownFileType = sourcecode.c.objc; path = MomentSeverUITests.m; sourceTree = "<group>"; };
		885B50D91E684BAB00F0D4D3 /* Info.plist */ = {isa = PBXFileReference; lastKnownFileType = text.plist.xml; path = Info.plist; sourceTree = "<group>"; };
/* End PBXFileReference section */

/* Begin PBXFrameworksBuildPhase section */
		885B50AF1E684BAA00F0D4D3 /* Frameworks */ = {
			isa = PBXFrameworksBuildPhase;
			buildActionMask = 2147483647;
			files = (
			);
			runOnlyForDeploymentPostprocessing = 0;
		};
		885B50C51E684BAB00F0D4D3 /* Frameworks */ = {
			isa = PBXFrameworksBuildPhase;
			buildActionMask = 2147483647;
			files = (
			);
			runOnlyForDeploymentPostprocessing = 0;
		};
		885B50D01E684BAB00F0D4D3 /* Frameworks */ = {
			isa = PBXFrameworksBuildPhase;
			buildActionMask = 2147483647;
			files = (
			);
			runOnlyForDeploymentPostprocessing = 0;
		};
/* End PBXFrameworksBuildPhase section */

/* Begin PBXGroup section */
		885B50A91E684BAA00F0D4D3 = {
			isa = PBXGroup;
			children = (
				885B50B41E684BAB00F0D4D3 /* MomentSever */,
				885B50CB1E684BAB00F0D4D3 /* MomentSeverTests */,
				885B50D61E684BAB00F0D4D3 /* MomentSeverUITests */,
				885B50B31E684BAB00F0D4D3 /* Products */,
			);
			sourceTree = "<group>";
		};
		885B50B31E684BAB00F0D4D3 /* Products */ = {
			isa = PBXGroup;
			children = (
				885B50B21E684BAB00F0D4D3 /* MomentSever.app */,
				885B50C81E684BAB00F0D4D3 /* MomentSeverTests.xctest */,
				885B50D31E684BAB00F0D4D3 /* MomentSeverUITests.xctest */,
			);
			name = Products;
			sourceTree = "<group>";
		};
		885B50B41E684BAB00F0D4D3 /* MomentSever */ = {
			isa = PBXGroup;
			children = (
				885B50B51E684BAB00F0D4D3 /* AppDelegate.h */,
				885B50B61E684BAB00F0D4D3 /* AppDelegate.m */,
				885B50BB1E684BAB00F0D4D3 /* ViewController.h */,
				885B50BC1E684BAB00F0D4D3 /* ViewController.m */,
				885B50BE1E684BAB00F0D4D3 /* Assets.xcassets */,
				885B50C01E684BAB00F0D4D3 /* Main.storyboard */,
				885B50C31E684BAB00F0D4D3 /* Info.plist */,
				885B50B81E684BAB00F0D4D3 /* Supporting Files */,
			);
			path = MomentSever;
			sourceTree = "<group>";
		};
		885B50B81E684BAB00F0D4D3 /* Supporting Files */ = {
			isa = PBXGroup;
			children = (
				885B50B91E684BAB00F0D4D3 /* main.m */,
			);
			name = "Supporting Files";
			sourceTree = "<group>";
		};
		885B50CB1E684BAB00F0D4D3 /* MomentSeverTests */ = {
			isa = PBXGroup;
			children = (
				885B50CC1E684BAB00F0D4D3 /* MomentSeverTests.m */,
				885B50CE1E684BAB00F0D4D3 /* Info.plist */,
			);
			path = MomentSeverTests;
			sourceTree = "<group>";
		};
		885B50D61E684BAB00F0D4D3 /* MomentSeverUITests */ = {
			isa = PBXGroup;
			children = (
				885B50D71E684BAB00F0D4D3 /* MomentSeverUITests.m */,
				885B50D91E684BAB00F0D4D3 /* Info.plist */,
			);
			path = MomentSeverUITests;
			sourceTree = "<group>";
		};
/* End PBXGroup section */

/* Begin PBXNativeTarget section */
		885B50B11E684BAA00F0D4D3 /* MomentSever */ = {
			isa = PBXNativeTarget;
			buildConfigurationList = 885B50DC1E684BAB00F0D4D3 /* Build configuration list for PBXNativeTarget "MomentSever" */;
			buildPhases = (
				885B50AE1E684BAA00F0D4D3 /* Sources */,
				885B50AF1E684BAA00F0D4D3 /* Frameworks */,
				885B50B01E684BAA00F0D4D3 /* Resources */,
			);
			buildRules = (
			);
			dependencies = (
			);
			name = MomentSever;
			productName = MomentSever;
			productReference = 885B50B21E684BAB00F0D4D3 /* MomentSever.app */;
			productType = "com.apple.product-type.application";
		};
		885B50C71E684BAB00F0D4D3 /* MomentSeverTests */ = {
			isa = PBXNativeTarget;
			buildConfigurationList = 885B50DF1E684BAB00F0D4D3 /* Build configuration list for PBXNativeTarget "MomentSeverTests" */;
			buildPhases = (
				885B50C41E684BAB00F0D4D3 /* Sources */,
				885B50C51E684BAB00F0D4D3 /* Frameworks */,
				885B50C61E684BAB00F0D4D3 /* Resources */,
			);
			buildRules = (
			);
			dependencies = (
				885B50CA1E684BAB00F0D4D3 /* PBXTargetDependency */,
			);
			name = MomentSeverTests;
			productName = MomentSeverTests;
			productReference = 885B50C81E684BAB00F0D4D3 /* MomentSeverTests.xctest */;
			productType = "com.apple.product-type.bundle.unit-test";
		};
		885B50D21E684BAB00F0D4D3 /* MomentSeverUITests */ = {
			isa = PBXNativeTarget;
			buildConfigurationList = 885B50E21E684BAB00F0D4D3 /* Build configuration list for PBXNativeTarget "MomentSeverUITests" */;
			buildPhases = (
				885B50CF1E684BAB00F0D4D3 /* Sources */,
				885B50D01E684BAB00F0D4D3 /* Frameworks */,
				885B50D11E684BAB00F0D4D3 /* Resources */,
			);
			buildRules = (
			);
			dependencies = (
				885B50D51E684BAB00F0D4D3 /* PBXTargetDependency */,
			);
			name = MomentSeverUITests;
			productName = MomentSeverUITests;
			productReference = 885B50D31E684BAB00F0D4D3 /* MomentSeverUITests.xctest */;
			productType = "com.apple.product-type.bundle.ui-testing";
		};
/* End PBXNativeTarget section */

/* Begin PBXProject section */
		885B50AA1E684BAA00F0D4D3 /* Project object */ = {
			isa = PBXProject;
			attributes = {
				LastUpgradeCheck = 0820;
				ORGANIZATIONNAME = yanglle;
				TargetAttributes = {
					885B50B11E684BAA00F0D4D3 = {
						CreatedOnToolsVersion = 8.2;
						DevelopmentTeam = M75NETC7Y9;
						ProvisioningStyle = Automatic;
					};
					885B50C71E684BAB00F0D4D3 = {
						CreatedOnToolsVersion = 8.2;
						DevelopmentTeam = M75NETC7Y9;
						ProvisioningStyle = Automatic;
						TestTargetID = 885B50B11E684BAA00F0D4D3;
					};
					885B50D21E684BAB00F0D4D3 = {
						CreatedOnToolsVersion = 8.2;
						DevelopmentTeam = M75NETC7Y9;
						ProvisioningStyle = Automatic;
						TestTargetID = 885B50B11E684BAA00F0D4D3;
					};
				};
			};
			buildConfigurationList = 885B50AD1E684BAA00F0D4D3 /* Build configuration list for PBXProject "MomentSever" */;
			compatibilityVersion = "Xcode 3.2";
			developmentRegion = English;
			hasScannedForEncodings = 0;
			knownRegions = (
				en,
				Base,
			);
			mainGroup = 885B50A91E684BAA00F0D4D3;
			productRefGroup = 885B50B31E684BAB00F0D4D3 /* Products */;
			projectDirPath = "";
			projectRoot = "";
			targets = (
				885B50B11E684BAA00F0D4D3 /* MomentSever */,
				885B50C71E684BAB00F0D4D3 /* MomentSeverTests */,
				885B50D21E684BAB00F0D4D3 /* MomentSeverUITests */,
			);
		};
/* End PBXProject section */

/* Begin PBXResourcesBuildPhase section */
		885B50B01E684BAA00F0D4D3 /* Resources */ = {
			isa = PBXResourcesBuildPhase;
			buildActionMask = 2147483647;
			files = (
				885B50BF1E684BAB00F0D4D3 /* Assets.xcassets in Resources */,
				885B50C21E684BAB00F0D4D3 /* Main.storyboard in Resources */,
			);
			runOnlyForDeploymentPostprocessing = 0;
		};
		885B50C61E684BAB00F0D4D3 /* Resources */ = {
			isa = PBXResourcesBuildPhase;
			buildActionMask = 2147483647;
			files = (
			);
			runOnlyForDeploymentPostprocessing = 0;
		};
		885B50D11E684BAB00F0D4D3 /* Resources */ = {
			isa = PBXResourcesBuildPhase;
			buildActionMask = 2147483647;
			files = (
			);
			runOnlyForDeploymentPostprocessing = 0;
		};
/* End PBXResourcesBuildPhase section */

/* Begin PBXSourcesBuildPhase section */
		885B50AE1E684BAA00F0D4D3 /* Sources */ = {
			isa = PBXSourcesBuildPhase;
			buildActionMask = 2147483647;
			files = (
				885B50BD1E684BAB00F0D4D3 /* ViewController.m in Sources */,
				885B50BA1E684BAB00F0D4D3 /* main.m in Sources */,
				885B50B71E684BAB00F0D4D3 /* AppDelegate.m in Sources */,
			);
			runOnlyForDeploymentPostprocessing = 0;
		};
		885B50C41E684BAB00F0D4D3 /* Sources */ = {
			isa = PBXSourcesBuildPhase;
			buildActionMask = 2147483647;
			files = (
				885B50CD1E684BAB00F0D4D3 /* MomentSeverTests.m in Sources */,
			);
			runOnlyForDeploymentPostprocessing = 0;
		};
		885B50CF1E684BAB00F0D4D3 /* Sources */ = {
			isa = PBXSourcesBuildPhase;
			buildActionMask = 2147483647;
			files = (
				885B50D81E684BAB00F0D4D3 /* MomentSeverUITests.m in Sources */,
			);
			runOnlyForDeploymentPostprocessing = 0;
		};
/* End PBXSourcesBuildPhase section */

/* Begin PBXTargetDependency section */
		885B50CA1E684BAB00F0D4D3 /* PBXTargetDependency */ = {
			isa = PBXTargetDependency;
			target = 885B50B11E684BAA00F0D4D3 /* MomentSever */;
			targetProxy = 885B50C91E684BAB00F0D4D3 /* PBXContainerItemProxy */;
		};
		885B50D51E684BAB00F0D4D3 /* PBXTargetDependency */ = {
			isa = PBXTargetDependency;
			target = 885B50B11E684BAA00F0D4D3 /* MomentSever */;
			targetProxy = 885B50D41E684BAB00F0D4D3 /* PBXContainerItemProxy */;
		};
/* End PBXTargetDependency section */

/* Begin PBXVariantGroup section */
		885B50C01E684BAB00F0D4D3 /* Main.storyboard */ = {
			isa = PBXVariantGroup;
			children = (
				885B50C11E684BAB00F0D4D3 /* Base */,
			);
			name = Main.storyboard;
			sourceTree = "<group>";
		};
/* End PBXVariantGroup section */

/* Begin XCBuildConfiguration section */
		885B50DA1E684BAB00F0D4D3 /* Debug */ = {
			isa = XCBuildConfiguration;
			buildSettings = {
				ALWAYS_SEARCH_USER_PATHS = NO;
				CLANG_ANALYZER_NONNULL = YES;
				CLANG_CXX_LANGUAGE_STANDARD = "gnu++0x";
				CLANG_CXX_LIBRARY = "libc++";
				CLANG_ENABLE_MODULES = YES;
				CLANG_ENABLE_OBJC_ARC = YES;
				CLANG_WARN_BOOL_CONVERSION = YES;
				CLANG_WARN_CONSTANT_CONVERSION = YES;
				CLANG_WARN_DIRECT_OBJC_ISA_USAGE = YES_ERROR;
				CLANG_WARN_DOCUMENTATION_COMMENTS = YES;
				CLANG_WARN_EMPTY_BODY = YES;
				CLANG_WARN_ENUM_CONVERSION = YES;
				CLANG_WARN_INFINITE_RECURSION = YES;
				CLANG_WARN_INT_CONVERSION = YES;
				CLANG_WARN_OBJC_ROOT_CLASS = YES_ERROR;
				CLANG_WARN_SUSPICIOUS_MOVE = YES;
				CLANG_WARN_UNREACHABLE_CODE = YES;
				CLANG_WARN__DUPLICATE_METHOD_MATCH = YES;
				CODE_SIGN_IDENTITY = "-";
				COPY_PHASE_STRIP = NO;
				DEBUG_INFORMATION_FORMAT = dwarf;
				ENABLE_STRICT_OBJC_MSGSEND = YES;
				ENABLE_TESTABILITY = YES;
				GCC_C_LANGUAGE_STANDARD = gnu99;
				GCC_DYNAMIC_NO_PIC = NO;
				GCC_NO_COMMON_BLOCKS = YES;
				GCC_OPTIMIZATION_LEVEL = 0;
				GCC_PREPROCESSOR_DEFINITIONS = (
					"DEBUG=1",
					"$(inherited)",
				);
				GCC_WARN_64_TO_32_BIT_CONVERSION = YES;
				GCC_WARN_ABOUT_RETURN_TYPE = YES_ERROR;
				GCC_WARN_UNDECLARED_SELECTOR = YES;
				GCC_WARN_UNINITIALIZED_AUTOS = YES_AGGRESSIVE;
				GCC_WARN_UNUSED_FUNCTION = YES;
				GCC_WARN_UNUSED_VARIABLE = YES;
				MACOSX_DEPLOYMENT_TARGET = 10.11;
				MTL_ENABLE_DEBUG_INFO = YES;
				ONLY_ACTIVE_ARCH = YES;
				SDKROOT = macosx;
			};
			name = Debug;
		};
		885B50DB1E684BAB00F0D4D3 /* Release */ = {
			isa = XCBuildConfiguration;
			buildSettings = {
				ALWAYS_SEARCH_USER_PATHS = NO;
				CLANG_ANALYZER_NONNULL = YES;
				CLANG_CXX_LANGUAGE_STANDARD = "gnu++0x";
				CLANG_CXX_LIBRARY = "libc++";
				CLANG_ENABLE_MODULES = YES;
				CLANG_ENABLE_OBJC_ARC = YES;
				CLANG_WARN_BOOL_CONVERSION = YES;
				CLANG_WARN_CONSTANT_CONVERSION = YES;
				CLANG_WARN_DIRECT_OBJC_ISA_USAGE = YES_ERROR;
				CLANG_WARN_DOCUMENTATION_COMMENTS = YES;
				CLANG_WARN_EMPTY_BODY = YES;
				CLANG_WARN_ENUM_CONVERSION = YES;
				CLANG_WARN_INFINITE_RECURSION = YES;
				CLANG_WARN_INT_CONVERSION = YES;
				CLANG_WARN_OBJC_ROOT_CLASS = YES_ERROR;
				CLANG_WARN_SUSPICIOUS_MOVE = YES;
				CLANG_WARN_UNREACHABLE_CODE = YES;
				CLANG_WARN__DUPLICATE_METHOD_MATCH = YES;
				CODE_SIGN_IDENTITY = "-";
				COPY_PHASE_STRIP = NO;
				DEBUG_INFORMATION_FORMAT = "dwarf-with-dsym";
				ENABLE_NS_ASSERTIONS = NO;
				ENABLE_STRICT_OBJC_MSGSEND = YES;
				GCC_C_LANGUAGE_STANDARD = gnu99;
				GCC_NO_COMMON_BLOCKS = YES;
				GCC_WARN_64_TO_32_BIT_CONVERSION = YES;
				GCC_WARN_ABOUT_RETURN_TYPE = YES_ERROR;
				GCC_WARN_UNDECLARED_SELECTOR = YES;
				GCC_WARN_UNINITIALIZED_AUTOS = YES_AGGRESSIVE;
				GCC_WARN_UNUSED_FUNCTION = YES;
				GCC_WARN_UNUSED_VARIABLE = YES;
				MACOSX_DEPLOYMENT_TARGET = 10.11;
				MTL_ENABLE_DEBUG_INFO = NO;
				SDKROOT = macosx;
			};
			name = Release;
		};
		885B50DD1E684BAB00F0D4D3 /* Debug */ = {
			isa = XCBuildConfiguration;
			buildSettings = {
				ASSETCATALOG_COMPILER_APPICON_NAME = AppIcon;
				COMBINE_HIDPI_IMAGES = YES;
				DEVELOPMENT_TEAM = M75NETC7Y9;
				INFOPLIST_FILE = MomentSever/Info.plist;
				LD_RUNPATH_SEARCH_PATHS = "$(inherited) @executable_path/../Frameworks";
				PRODUCT_BUNDLE_IDENTIFIER = com.yishun.MomentSever;
				PRODUCT_NAME = "$(TARGET_NAME)";
			};
			name = Debug;
		};
		885B50DE1E684BAB00F0D4D3 /* Release */ = {
			isa = XCBuildConfiguration;
			buildSettings = {
				ASSETCATALOG_COMPILER_APPICON_NAME = AppIcon;
				COMBINE_HIDPI_IMAGES = YES;
				DEVELOPMENT_TEAM = M75NETC7Y9;
				INFOPLIST_FILE = MomentSever/Info.plist;
				LD_RUNPATH_SEARCH_PATHS = "$(inherited) @executable_path/../Frameworks";
				PRODUCT_BUNDLE_IDENTIFIER = com.yishun.MomentSever;
				PRODUCT_NAME = "$(TARGET_NAME)";
			};
			name = Release;
		};
		885B50E01E684BAB00F0D4D3 /* Debug */ = {
			isa = XCBuildConfiguration;
			buildSettings = {
				BUNDLE_LOADER = "$(TEST_HOST)";
				COMBINE_HIDPI_IMAGES = YES;
				DEVELOPMENT_TEAM = M75NETC7Y9;
				INFOPLIST_FILE = MomentSeverTests/Info.plist;
				LD_RUNPATH_SEARCH_PATHS = "$(inherited) @executable_path/../Frameworks @loader_path/../Frameworks";
				PRODUCT_BUNDLE_IDENTIFIER = com.yishun.MomentSeverTests;
				PRODUCT_NAME = "$(TARGET_NAME)";
				TEST_HOST = "$(BUILT_PRODUCTS_DIR)/MomentSever.app/Contents/MacOS/MomentSever";
			};
			name = Debug;
		};
		885B50E11E684BAB00F0D4D3 /* Release */ = {
			isa = XCBuildConfiguration;
			buildSettings = {
				BUNDLE_LOADER = "$(TEST_HOST)";
				COMBINE_HIDPI_IMAGES = YES;
				DEVELOPMENT_TEAM = M75NETC7Y9;
				INFOPLIST_FILE = MomentSeverTests/Info.plist;
				LD_RUNPATH_SEARCH_PATHS = "$(inherited) @executable_path/../Frameworks @loader_path/../Frameworks";
				PRODUCT_BUNDLE_IDENTIFIER = com.yishun.MomentSeverTests;
				PRODUCT_NAME = "$(TARGET_NAME)";
				TEST_HOST = "$(BUILT_PRODUCTS_DIR)/MomentSever.app/Contents/MacOS/MomentSever";
			};
			name = Release;
		};
		885B50E31E684BAB00F0D4D3 /* Debug */ = {
			isa = XCBuildConfiguration;
			buildSettings = {
				COMBINE_HIDPI_IMAGES = YES;
				DEVELOPMENT_TEAM = M75NETC7Y9;
				INFOPLIST_FILE = MomentSeverUITests/Info.plist;
				LD_RUNPATH_SEARCH_PATHS = "$(inherited) @executable_path/../Frameworks @loader_path/../Frameworks";
				PRODUCT_BUNDLE_IDENTIFIER = com.yishun.MomentSeverUITests;
				PRODUCT_NAME = "$(TARGET_NAME)";
				TEST_TARGET_NAME = MomentSever;
			};
			name = Debug;
		};
		885B50E41E684BAB00F0D4D3 /* Release */ = {
			isa = XCBuildConfiguration;
			buildSettings = {
				COMBINE_HIDPI_IMAGES = YES;
				DEVELOPMENT_TEAM = M75NETC7Y9;
				INFOPLIST_FILE = MomentSeverUITests/Info.plist;
				LD_RUNPATH_SEARCH_PATHS = "$(inherited) @executable_path/../Frameworks @loader_path/../Frameworks";
				PRODUCT_BUNDLE_IDENTIFIER = com.yishun.MomentSeverUITests;
				PRODUCT_NAME = "$(TARGET_NAME)";
				TEST_TARGET_NAME = MomentSever;
			};
			name = Release;
		};
/* End XCBuildConfiguration section */

/* Begin XCConfigurationList section */
		885B50AD1E684BAA00F0D4D3 /* Build configuration list for PBXProject "MomentSever" */ = {
			isa = XCConfigurationList;
			buildConfigurations = (
				885B50DA1E684BAB00F0D4D3 /* Debug */,
				885B50DB1E684BAB00F0D4D3 /* Release */,
			);
			defaultConfigurationIsVisible = 0;
			defaultConfigurationName = Release;
		};
		885B50DC1E684BAB00F0D4D3 /* Build configuration list for PBXNativeTarget "MomentSever" */ = {
			isa = XCConfigurationList;
			buildConfigurations = (
				885B50DD1E684BAB00F0D4D3 /* Debug */,
				885B50DE1E684BAB00F0D4D3 /* Release */,
			);
			defaultConfigurationIsVisible = 0;
		};
		885B50DF1E684BAB00F0D4D3 /* Build configuration list for PBXNativeTarget "MomentSeverTests" */ = {
			isa = XCConfigurationList;
			buildConfigurations = (
				885B50E01E684BAB00F0D4D3 /* Debug */,
				885B50E11E684BAB00F0D4D3 /* Release */,
			);
			defaultConfigurationIsVisible = 0;
		};
		885B50E21E684BAB00F0D4D3 /* Build configuration list for PBXNativeTarget "MomentSeverUITests" */ = {
			isa = XCConfigurationList;
			buildConfigurations = (
				885B50E31E684BAB00F0D4D3 /* Debug */,
				885B50E41E684BAB00F0D4D3 /* Release */,
			);
			defaultConfigurationIsVisible = 0;
		};
/* End XCConfigurationList section */
	};
	rootObject = 885B50AA1E684BAA00F0D4D3 /* Project object */;
}
